
Microsoft Visual Studio Solution File, Format Version 12.00
# Visual Studio Version 16
VisualStudioVersion = 16.0.33214.272
MinimumVisualStudioVersion = 10.0.40219.1
Project("{9A19103F-16F7-4668-BE54-9A1E7A4F7556}") = "Mission06_adw97", "Mission06_adw97\Mission06_adw97.csproj", "{B757FD7E-1AAC-480B-8074-BB1BF55C9E73}"
EndProject
Global
	GlobalSection(SolutionConfigurationPlatforms) = preSolution
		Debug|Any CPU = Debug|Any CPU
		Release|Any CPU = Release|Any CPU
	EndGlobalSection
	GlobalSection(ProjectConfigurationPlatforms) = postSolution
		{B757FD7E-1AAC-480B-8074-BB1BF55C9E73}.Debug|Any CPU.ActiveCfg = Debug|Any CPU
		{B757FD7E-1AAC-480B-8074-BB1BF55C9E73}.Debug|Any CPU.Build.0 = Debug|Any CPU
		{B757FD7E-1AAC-480B-8074-BB1BF55C9E73}.Release|Any CPU.ActiveCfg = Release|Any CPU
		{B757FD7E-1AAC-480B-8074-BB1BF55C9E73}.Release|Any CPU.Build.0 = Release|Any CPU
	EndGlobalSection
	GlobalSection(SolutionProperties) = preSolution
		HideSolutionNode = FALSE
	EndGlobalSection
	GlobalSection(ExtensibilityGlobals) = postSolution
		SolutionGuid = {8693113C-63BA-4525-9649-C3058CB18D8A}
	EndGlobalSection
EndGlobal
